// !$*UTF8*$!
{
	archiveVersion = 1;
	classes = {
	};
	objectVersion = 46;
	objects = {

/* Begin PBXBuildFile section */
		16A660C8538E4711B2712E7F /* libPods-XctoolHangExampleTests.a in Frameworks */ = {isa = PBXBuildFile; fileRef = BB0052F0CC504660B20BD4D2 /* libPods-XctoolHangExampleTests.a */; };
		EAED18341834071D00AD66F5 /* Foundation.framework in Frameworks */ = {isa = PBXBuildFile; fileRef = EAED18331834071D00AD66F5 /* Foundation.framework */; };
		EAED18361834071D00AD66F5 /* CoreGraphics.framework in Frameworks */ = {isa = PBXBuildFile; fileRef = EAED18351834071D00AD66F5 /* CoreGraphics.framework */; };
		EAED18381834071D00AD66F5 /* UIKit.framework in Frameworks */ = {isa = PBXBuildFile; fileRef = EAED18371834071D00AD66F5 /* UIKit.framework */; };
		EAED183E1834071D00AD66F5 /* InfoPlist.strings in Resources */ = {isa = PBXBuildFile; fileRef = EAED183C1834071D00AD66F5 /* InfoPlist.strings */; };
		EAED18401834071D00AD66F5 /* main.m in Sources */ = {isa = PBXBuildFile; fileRef = EAED183F1834071D00AD66F5 /* main.m */; };
		EAED18441834071D00AD66F5 /* AppDelegate.m in Sources */ = {isa = PBXBuildFile; fileRef = EAED18431834071D00AD66F5 /* AppDelegate.m */; };
		EAED18461834071D00AD66F5 /* Images.xcassets in Resources */ = {isa = PBXBuildFile; fileRef = EAED18451834071D00AD66F5 /* Images.xcassets */; };
		EAED184D1834071D00AD66F5 /* XCTest.framework in Frameworks */ = {isa = PBXBuildFile; fileRef = EAED184C1834071D00AD66F5 /* XCTest.framework */; };
		EAED184E1834071D00AD66F5 /* Foundation.framework in Frameworks */ = {isa = PBXBuildFile; fileRef = EAED18331834071D00AD66F5 /* Foundation.framework */; };
		EAED184F1834071D00AD66F5 /* UIKit.framework in Frameworks */ = {isa = PBXBuildFile; fileRef = EAED18371834071D00AD66F5 /* UIKit.framework */; };
		EAED18571834071D00AD66F5 /* InfoPlist.strings in Resources */ = {isa = PBXBuildFile; fileRef = EAED18551834071D00AD66F5 /* InfoPlist.strings */; };
		EAED18631834080800AD66F5 /* XctoolHangExampleSpec.m in Sources */ = {isa = PBXBuildFile; fileRef = EAED18621834080800AD66F5 /* XctoolHangExampleSpec.m */; };
/* End PBXBuildFile section */

/* Begin PBXContainerItemProxy section */
		EAED18501834071D00AD66F5 /* PBXContainerItemProxy */ = {
			isa = PBXContainerItemProxy;
			containerPortal = EAED18281834071D00AD66F5 /* Project object */;
			proxyType = 1;
			remoteGlobalIDString = EAED182F1834071D00AD66F5;
			remoteInfo = XctoolHangExample;
		};
/* End PBXContainerItemProxy section */

/* Begin PBXFileReference section */
		BB0052F0CC504660B20BD4D2 /* libPods-XctoolHangExampleTests.a */ = {isa = PBXFileReference; explicitFileType = archive.ar; includeInIndex = 0; path = "libPods-XctoolHangExampleTests.a"; sourceTree = BUILT_PRODUCTS_DIR; };
		DD8A799DA6BD48D182875C92 /* Pods-XctoolHangExampleTests.xcconfig */ = {isa = PBXFileReference; includeInIndex = 1; lastKnownFileType = text.xcconfig; name = "Pods-XctoolHangExampleTests.xcconfig"; path = "Pods/Pods-XctoolHangExampleTests.xcconfig"; sourceTree = "<group>"; };
		EAED18301834071D00AD66F5 /* XctoolHangExample.app */ = {isa = PBXFileReference; explicitFileType = wrapper.application; includeInIndex = 0; path = XctoolHangExample.app; sourceTree = BUILT_PRODUCTS_DIR; };
		EAED18331834071D00AD66F5 /* Foundation.framework */ = {isa = PBXFileReference; lastKnownFileType = wrapper.framework; name = Foundation.framework; path = System/Library/Frameworks/Foundation.framework; sourceTree = SDKROOT; };
		EAED18351834071D00AD66F5 /* CoreGraphics.framework */ = {isa = PBXFileReference; lastKnownFileType = wrapper.framework; name = CoreGraphics.framework; path = System/Library/Frameworks/CoreGraphics.framework; sourceTree = SDKROOT; };
		EAED18371834071D00AD66F5 /* UIKit.framework */ = {isa = PBXFileReference; lastKnownFileType = wrapper.framework; name = UIKit.framework; path = System/Library/Frameworks/UIKit.framework; sourceTree = SDKROOT; };
		EAED183B1834071D00AD66F5 /* XctoolHangExample-Info.plist */ = {isa = PBXFileReference; lastKnownFileType = text.plist.xml; path = "XctoolHangExample-Info.plist"; sourceTree = "<group>"; };
		EAED183D1834071D00AD66F5 /* en */ = {isa = PBXFileReference; lastKnownFileType = text.plist.strings; name = en; path = en.lproj/InfoPlist.strings; sourceTree = "<group>"; };
		EAED183F1834071D00AD66F5 /* main.m */ = {isa = PBXFileReference; lastKnownFileType = sourcecode.c.objc; path = main.m; sourceTree = "<group>"; };
		EAED18411834071D00AD66F5 /* XctoolHangExample-Prefix.pch */ = {isa = PBXFileReference; lastKnownFileType = sourcecode.c.h; path = "XctoolHangExample-Prefix.pch"; sourceTree = "<group>"; };
		EAED18421834071D00AD66F5 /* AppDelegate.h */ = {isa = PBXFileReference; lastKnownFileType = sourcecode.c.h; path = AppDelegate.h; sourceTree = "<group>"; };
		EAED18431834071D00AD66F5 /* AppDelegate.m */ = {isa = PBXFileReference; lastKnownFileType = sourcecode.c.objc; path = AppDelegate.m; sourceTree = "<group>"; };
		EAED18451834071D00AD66F5 /* Images.xcassets */ = {isa = PBXFileReference; lastKnownFileType = folder.assetcatalog; path = Images.xcassets; sourceTree = "<group>"; };
		EAED184B1834071D00AD66F5 /* XctoolHangExampleTests.xctest */ = {isa = PBXFileReference; explicitFileType = wrapper.cfbundle; includeInIndex = 0; path = XctoolHangExampleTests.xctest; sourceTree = BUILT_PRODUCTS_DIR; };
		EAED184C1834071D00AD66F5 /* XCTest.framework */ = {isa = PBXFileReference; lastKnownFileType = wrapper.framework; name = XCTest.framework; path = Library/Frameworks/XCTest.framework; sourceTree = DEVELOPER_DIR; };
		EAED18541834071D00AD66F5 /* XctoolHangExampleTests-Info.plist */ = {isa = PBXFileReference; lastKnownFileType = text.plist.xml; path = "XctoolHangExampleTests-Info.plist"; sourceTree = "<group>"; };
		EAED18561834071D00AD66F5 /* en */ = {isa = PBXFileReference; lastKnownFileType = text.plist.strings; name = en; path = en.lproj/InfoPlist.strings; sourceTree = "<group>"; };
		EAED18621834080800AD66F5 /* XctoolHangExampleSpec.m */ = {isa = PBXFileReference; fileEncoding = 4; lastKnownFileType = sourcecode.c.objc; path = XctoolHangExampleSpec.m; sourceTree = "<group>"; };
/* End PBXFileReference section */

/* Begin PBXFrameworksBuildPhase section */
		EAED182D1834071D00AD66F5 /* Frameworks */ = {
			isa = PBXFrameworksBuildPhase;
			buildActionMask = 2147483647;
			files = (
				EAED18361834071D00AD66F5 /* CoreGraphics.framework in Frameworks */,
				EAED18381834071D00AD66F5 /* UIKit.framework in Frameworks */,
				EAED18341834071D00AD66F5 /* Foundation.framework in Frameworks */,
			);
			runOnlyForDeploymentPostprocessing = 0;
		};
		EAED18481834071D00AD66F5 /* Frameworks */ = {
			isa = PBXFrameworksBuildPhase;
			buildActionMask = 2147483647;
			files = (
				EAED184D1834071D00AD66F5 /* XCTest.framework in Frameworks */,
				EAED184F1834071D00AD66F5 /* UIKit.framework in Frameworks */,
				EAED184E1834071D00AD66F5 /* Foundation.framework in Frameworks */,
				16A660C8538E4711B2712E7F /* libPods-XctoolHangExampleTests.a in Frameworks */,
			);
			runOnlyForDeploymentPostprocessing = 0;
		};
/* End PBXFrameworksBuildPhase section */

/* Begin PBXGroup section */
		EAED18271834071D00AD66F5 = {
			isa = PBXGroup;
			children = (
				EAED18391834071D00AD66F5 /* XctoolHangExample */,
				EAED18521834071D00AD66F5 /* XctoolHangExampleTests */,
				EAED18321834071D00AD66F5 /* Frameworks */,
				EAED18311834071D00AD66F5 /* Products */,
				DD8A799DA6BD48D182875C92 /* Pods-XctoolHangExampleTests.xcconfig */,
			);
			sourceTree = "<group>";
		};
		EAED18311834071D00AD66F5 /* Products */ = {
			isa = PBXGroup;
			children = (
				EAED18301834071D00AD66F5 /* XctoolHangExample.app */,
				EAED184B1834071D00AD66F5 /* XctoolHangExampleTests.xctest */,
			);
			name = Products;
			sourceTree = "<group>";
		};
		EAED18321834071D00AD66F5 /* Frameworks */ = {
			isa = PBXGroup;
			children = (
				EAED18331834071D00AD66F5 /* Foundation.framework */,
				EAED18351834071D00AD66F5 /* CoreGraphics.framework */,
				EAED18371834071D00AD66F5 /* UIKit.framework */,
				EAED184C1834071D00AD66F5 /* XCTest.framework */,
				BB0052F0CC504660B20BD4D2 /* libPods-XctoolHangExampleTests.a */,
			);
			name = Frameworks;
			sourceTree = "<group>";
		};
		EAED18391834071D00AD66F5 /* XctoolHangExample */ = {
			isa = PBXGroup;
			children = (
				EAED18421834071D00AD66F5 /* AppDelegate.h */,
				EAED18431834071D00AD66F5 /* AppDelegate.m */,
				EAED18451834071D00AD66F5 /* Images.xcassets */,
				EAED183A1834071D00AD66F5 /* Supporting Files */,
			);
			path = XctoolHangExample;
			sourceTree = "<group>";
		};
		EAED183A1834071D00AD66F5 /* Supporting Files */ = {
			isa = PBXGroup;
			children = (
				EAED183B1834071D00AD66F5 /* XctoolHangExample-Info.plist */,
				EAED183C1834071D00AD66F5 /* InfoPlist.strings */,
				EAED183F1834071D00AD66F5 /* main.m */,
				EAED18411834071D00AD66F5 /* XctoolHangExample-Prefix.pch */,
			);
			name = "Supporting Files";
			sourceTree = "<group>";
		};
		EAED18521834071D00AD66F5 /* XctoolHangExampleTests */ = {
			isa = PBXGroup;
			children = (
				EAED18531834071D00AD66F5 /* Supporting Files */,
				EAED18621834080800AD66F5 /* XctoolHangExampleSpec.m */,
			);
			path = XctoolHangExampleTests;
			sourceTree = "<group>";
		};
		EAED18531834071D00AD66F5 /* Supporting Files */ = {
			isa = PBXGroup;
			children = (
				EAED18541834071D00AD66F5 /* XctoolHangExampleTests-Info.plist */,
				EAED18551834071D00AD66F5 /* InfoPlist.strings */,
			);
			name = "Supporting Files";
			sourceTree = "<group>";
		};
/* End PBXGroup section */

/* Begin PBXNativeTarget section */
		EAED182F1834071D00AD66F5 /* XctoolHangExample */ = {
			isa = PBXNativeTarget;
			buildConfigurationList = EAED185C1834071D00AD66F5 /* Build configuration list for PBXNativeTarget "XctoolHangExample" */;
			buildPhases = (
				EAED182C1834071D00AD66F5 /* Sources */,
				EAED182D1834071D00AD66F5 /* Frameworks */,
				EAED182E1834071D00AD66F5 /* Resources */,
			);
			buildRules = (
			);
			dependencies = (
			);
			name = XctoolHangExample;
			productName = XctoolHangExample;
			productReference = EAED18301834071D00AD66F5 /* XctoolHangExample.app */;
			productType = "com.apple.product-type.application";
		};
		EAED184A1834071D00AD66F5 /* XctoolHangExampleTests */ = {
			isa = PBXNativeTarget;
			buildConfigurationList = EAED185F1834071D00AD66F5 /* Build configuration list for PBXNativeTarget "XctoolHangExampleTests" */;
			buildPhases = (
				10AC2231537D499EB8FFA7F2 /* Check Pods Manifest.lock */,
				EAED18471834071D00AD66F5 /* Sources */,
				EAED18481834071D00AD66F5 /* Frameworks */,
				EAED18491834071D00AD66F5 /* Resources */,
				2D61A6F7E1F34B5F9E77AAF2 /* Copy Pods Resources */,
			);
			buildRules = (
			);
			dependencies = (
				EAED18511834071D00AD66F5 /* PBXTargetDependency */,
			);
			name = XctoolHangExampleTests;
			productName = XctoolHangExampleTests;
			productReference = EAED184B1834071D00AD66F5 /* XctoolHangExampleTests.xctest */;
			productType = "com.apple.product-type.bundle.unit-test";
		};
/* End PBXNativeTarget section */

/* Begin PBXProject section */
		EAED18281834071D00AD66F5 /* Project object */ = {
			isa = PBXProject;
			attributes = {
				LastUpgradeCheck = 0500;
				ORGANIZATIONNAME = Example;
				TargetAttributes = {
					EAED184A1834071D00AD66F5 = {
						TestTargetID = EAED182F1834071D00AD66F5;
					};
				};
			};
			buildConfigurationList = EAED182B1834071D00AD66F5 /* Build configuration list for PBXProject "XctoolHangExample" */;
			compatibilityVersion = "Xcode 3.2";
			developmentRegion = English;
			hasScannedForEncodings = 0;
			knownRegions = (
				en,
			);
			mainGroup = EAED18271834071D00AD66F5;
			productRefGroup = EAED18311834071D00AD66F5 /* Products */;
			projectDirPath = "";
			projectRoot = "";
			targets = (
				EAED182F1834071D00AD66F5 /* XctoolHangExample */,
				EAED184A1834071D00AD66F5 /* XctoolHangExampleTests */,
			);
		};
/* End PBXProject section */

/* Begin PBXResourcesBuildPhase section */
		EAED182E1834071D00AD66F5 /* Resources */ = {
			isa = PBXResourcesBuildPhase;
			buildActionMask = 2147483647;
			files = (
				EAED183E1834071D00AD66F5 /* InfoPlist.strings in Resources */,
				EAED18461834071D00AD66F5 /* Images.xcassets in Resources */,
			);
			runOnlyForDeploymentPostprocessing = 0;
		};
		EAED18491834071D00AD66F5 /* Resources */ = {
			isa = PBXResourcesBuildPhase;
			buildActionMask = 2147483647;
			files = (
				EAED18571834071D00AD66F5 /* InfoPlist.strings in Resources */,
			);
			runOnlyForDeploymentPostprocessing = 0;
		};
/* End PBXResourcesBuildPhase section */

/* Begin PBXShellScriptBuildPhase section */
		10AC2231537D499EB8FFA7F2 /* Check Pods Manifest.lock */ = {
			isa = PBXShellScriptBuildPhase;
			buildActionMask = 2147483647;
			files = (
			);
			inputPaths = (
			);
			name = "Check Pods Manifest.lock";
			outputPaths = (
			);
			runOnlyForDeploymentPostprocessing = 0;
			shellPath = /bin/sh;
			shellScript = "diff \"${PODS_ROOT}/../Podfile.lock\" \"${PODS_ROOT}/Manifest.lock\" > /dev/null\nif [[ $? != 0 ]] ; then\n    cat << EOM\nerror: The sandbox is not in sync with the Podfile.lock. Run 'pod install' or update your CocoaPods installation.\nEOM\n    exit 1\nfi\n";
			showEnvVarsInLog = 0;
		};
		2D61A6F7E1F34B5F9E77AAF2 /* Copy Pods Resources */ = {
			isa = PBXShellScriptBuildPhase;
			buildActionMask = 2147483647;
			files = (
			);
			inputPaths = (
			);
			name = "Copy Pods Resources";
			outputPaths = (
			);
			runOnlyForDeploymentPostprocessing = 0;
			shellPath = /bin/sh;
			shellScript = "\"${SRCROOT}/Pods/Pods-XctoolHangExampleTests-resources.sh\"\n";
			showEnvVarsInLog = 0;
		};
/* End PBXShellScriptBuildPhase section */

/* Begin PBXSourcesBuildPhase section */
		EAED182C1834071D00AD66F5 /* Sources */ = {
			isa = PBXSourcesBuildPhase;
			buildActionMask = 2147483647;
			files = (
				EAED18441834071D00AD66F5 /* AppDelegate.m in Sources */,
				EAED18401834071D00AD66F5 /* main.m in Sources */,
			);
			runOnlyForDeploymentPostprocessing = 0;
		};
		EAED18471834071D00AD66F5 /* Sources */ = {
			isa = PBXSourcesBuildPhase;
			buildActionMask = 2147483647;
			files = (
				EAED18631834080800AD66F5 /* XctoolHangExampleSpec.m in Sources */,
			);
			runOnlyForDeploymentPostprocessing = 0;
		};
/* End PBXSourcesBuildPhase section */

/* Begin PBXTargetDependency section */
		EAED18511834071D00AD66F5 /* PBXTargetDependency */ = {
			isa = PBXTargetDependency;
			target = EAED182F1834071D00AD66F5 /* XctoolHangExample */;
			targetProxy = EAED18501834071D00AD66F5 /* PBXContainerItemProxy */;
		};
/* End PBXTargetDependency section */

/* Begin PBXVariantGroup section */
		EAED183C1834071D00AD66F5 /* InfoPlist.strings */ = {
			isa = PBXVariantGroup;
			children = (
				EAED183D1834071D00AD66F5 /* en */,
			);
			name = InfoPlist.strings;
			sourceTree = "<group>";
		};
		EAED18551834071D00AD66F5 /* InfoPlist.strings */ = {
			isa = PBXVariantGroup;
			children = (
				EAED18561834071D00AD66F5 /* en */,
			);
			name = InfoPlist.strings;
			sourceTree = "<group>";
		};
/* End PBXVariantGroup section */

/* Begin XCBuildConfiguration section */
		EAED185A1834071D00AD66F5 /* Debug */ = {
			isa = XCBuildConfiguration;
			buildSettings = {
				ALWAYS_SEARCH_USER_PATHS = NO;
				ARCHS = "$(ARCHS_STANDARD_INCLUDING_64_BIT)";
				CLANG_CXX_LANGUAGE_STANDARD = "gnu++0x";
				CLANG_CXX_LIBRARY = "libc++";
				CLANG_ENABLE_MODULES = YES;
				CLANG_ENABLE_OBJC_ARC = YES;
				CLANG_WARN_BOOL_CONVERSION = YES;
				CLANG_WARN_CONSTANT_CONVERSION = YES;
				CLANG_WARN_DIRECT_OBJC_ISA_USAGE = YES_ERROR;
				CLANG_WARN_EMPTY_BODY = YES;
				CLANG_WARN_ENUM_CONVERSION = YES;
				CLANG_WARN_INT_CONVERSION = YES;
				CLANG_WARN_OBJC_ROOT_CLASS = YES_ERROR;
				CLANG_WARN__DUPLICATE_METHOD_MATCH = YES;
				"CODE_SIGN_IDENTITY[sdk=iphoneos*]" = "iPhone Developer";
				COPY_PHASE_STRIP = NO;
				GCC_C_LANGUAGE_STANDARD = gnu99;
				GCC_DYNAMIC_NO_PIC = NO;
				GCC_OPTIMIZATION_LEVEL = 0;
				GCC_PREPROCESSOR_DEFINITIONS = (
					"DEBUG=1",
					"$(inherited)",
				);
				GCC_SYMBOLS_PRIVATE_EXTERN = NO;
				GCC_WARN_64_TO_32_BIT_CONVERSION = YES;
				GCC_WARN_ABOUT_RETURN_TYPE = YES_ERROR;
				GCC_WARN_UNDECLARED_SELECTOR = YES;
				GCC_WARN_UNINITIALIZED_AUTOS = YES;
				GCC_WARN_UNUSED_FUNCTION = YES;
				GCC_WARN_UNUSED_VARIABLE = YES;
				IPHONEOS_DEPLOYMENT_TARGET = 7.0;
				ONLY_ACTIVE_ARCH = YES;
				SDKROOT = iphoneos;
				TARGETED_DEVICE_FAMILY = "1,2";
			};
			name = Debug;
		};
		EAED185B1834071D00AD66F5 /* Release */ = {
			isa = XCBuildConfiguration;
			buildSettings = {
				ALWAYS_SEARCH_USER_PATHS = NO;
				ARCHS = "$(ARCHS_STANDARD_INCLUDING_64_BIT)";
				CLANG_CXX_LANGUAGE_STANDARD = "gnu++0x";
				CLANG_CXX_LIBRARY = "libc++";
				CLANG_ENABLE_MODULES = YES;
				CLANG_ENABLE_OBJC_ARC = YES;
				CLANG_WARN_BOOL_CONVERSION = YES;
				CLANG_WARN_CONSTANT_CONVERSION = YES;
				CLANG_WARN_DIRECT_OBJC_ISA_USAGE = YES_ERROR;
				CLANG_WARN_EMPTY_BODY = YES;
				CLANG_WARN_ENUM_CONVERSION = YES;
				CLANG_WARN_INT_CONVERSION = YES;
				CLANG_WARN_OBJC_ROOT_CLASS = YES_ERROR;
				CLANG_WARN__DUPLICATE_METHOD_MATCH = YES;
				"CODE_SIGN_IDENTITY[sdk=iphoneos*]" = "iPhone Developer";
				COPY_PHASE_STRIP = YES;
				ENABLE_NS_ASSERTIONS = NO;
				GCC_C_LANGUAGE_STANDARD = gnu99;
				GCC_WARN_64_TO_32_BIT_CONVERSION = YES;
				GCC_WARN_ABOUT_RETURN_TYPE = YES_ERROR;
				GCC_WARN_UNDECLARED_SELECTOR = YES;
				GCC_WARN_UNINITIALIZED_AUTOS = YES;
				GCC_WARN_UNUSED_FUNCTION = YES;
				GCC_WARN_UNUSED_VARIABLE = YES;
				IPHONEOS_DEPLOYMENT_TARGET = 7.0;
				SDKROOT = iphoneos;
				TARGETED_DEVICE_FAMILY = "1,2";
				VALIDATE_PRODUCT = YES;
			};
			name = Release;
		};
		EAED185D1834071D00AD66F5 /* Debug */ = {
			isa = XCBuildConfiguration;
			buildSettings = {
				ASSETCATALOG_COMPILER_APPICON_NAME = AppIcon;
				ASSETCATALOG_COMPILER_LAUNCHIMAGE_NAME = LaunchImage;
				GCC_PRECOMPILE_PREFIX_HEADER = YES;
				GCC_PREFIX_HEADER = "XctoolHangExample/XctoolHangExample-Prefix.pch";
				INFOPLIST_FILE = "XctoolHangExample/XctoolHangExample-Info.plist";
				PRODUCT_NAME = "$(TARGET_NAME)";
				WRAPPER_EXTENSION = app;
			};
			name = Debug;
		};
		EAED185E1834071D00AD66F5 /* Release */ = {
			isa = XCBuildConfiguration;
			buildSettings = {
				ASSETCATALOG_COMPILER_APPICON_NAME = AppIcon;
				ASSETCATALOG_COMPILER_LAUNCHIMAGE_NAME = LaunchImage;
				GCC_PRECOMPILE_PREFIX_HEADER = YES;
				GCC_PREFIX_HEADER = "XctoolHangExample/XctoolHangExample-Prefix.pch";
				INFOPLIST_FILE = "XctoolHangExample/XctoolHangExample-Info.plist";
				PRODUCT_NAME = "$(TARGET_NAME)";
				WRAPPER_EXTENSION = app;
			};
			name = Release;
		};
		EAED18601834071D00AD66F5 /* Debug */ = {
			isa = XCBuildConfiguration;
			baseConfigurationReference = DD8A799DA6BD48D182875C92 /* Pods-XctoolHangExampleTests.xcconfig */;
			buildSettings = {
				ARCHS = "$(ARCHS_STANDARD_INCLUDING_64_BIT)";
				BUNDLE_LOADER = "$(BUILT_PRODUCTS_DIR)/XctoolHangExample.app/XctoolHangExample";
				FRAMEWORK_SEARCH_PATHS = (
					"$(SDKROOT)/Developer/Library/Frameworks",
					"$(inherited)",
					"$(DEVELOPER_FRAMEWORKS_DIR)",
				);
				GCC_PRECOMPILE_PREFIX_HEADER = YES;
				GCC_PREFIX_HEADER = "XctoolHangExample/XctoolHangExample-Prefix.pch";
				GCC_PREPROCESSOR_DEFINITIONS = (
					"DEBUG=1",
					"$(inherited)",
				);
				INFOPLIST_FILE = "XctoolHangExampleTests/XctoolHangExampleTests-Info.plist";
				PRODUCT_NAME = "$(TARGET_NAME)";
				TEST_HOST = "$(BUNDLE_LOADER)";
				WRAPPER_EXTENSION = xctest;
			};
			name = Debug;
		};
		EAED18611834071D00AD66F5 /* Release */ = {
			isa = XCBuildConfiguration;
			baseConfigurationReference = DD8A799DA6BD48D182875C92 /* Pods-XctoolHangExampleTests.xcconfig */;
			buildSettings = {
				ARCHS = "$(ARCHS_STANDARD_INCLUDING_64_BIT)";
				BUNDLE_LOADER = "$(BUILT_PRODUCTS_DIR)/XctoolHangExample.app/XctoolHangExample";
				FRAMEWORK_SEARCH_PATHS = (
					"$(SDKROOT)/Developer/Library/Frameworks",
					"$(inherited)",
					"$(DEVELOPER_FRAMEWORKS_DIR)",
				);
				GCC_PRECOMPILE_PREFIX_HEADER = YES;
				GCC_PREFIX_HEADER = "XctoolHangExample/XctoolHangExample-Prefix.pch";
				INFOPLIST_FILE = "XctoolHangExampleTests/XctoolHangExampleTests-Info.plist";
				PRODUCT_NAME = "$(TARGET_NAME)";
				TEST_HOST = "$(BUNDLE_LOADER)";
				WRAPPER_EXTENSION = xctest;
			};
			name = Release;
		};
/* End XCBuildConfiguration section */

/* Begin XCConfigurationList section */
		EAED182B1834071D00AD66F5 /* Build configuration list for PBXProject "XctoolHangExample" */ = {
			isa = XCConfigurationList;
			buildConfigurations = (
				EAED185A1834071D00AD66F5 /* Debug */,
				EAED185B1834071D00AD66F5 /* Release */,
			);
			defaultConfigurationIsVisible = 0;
			defaultConfigurationName = Release;
		};
		EAED185C1834071D00AD66F5 /* Build configuration list for PBXNativeTarget "XctoolHangExample" */ = {
			isa = XCConfigurationList;
			buildConfigurations = (
				EAED185D1834071D00AD66F5 /* Debug */,
				EAED185E1834071D00AD66F5 /* Release */,
			);
			defaultConfigurationIsVisible = 0;
			defaultConfigurationName = Release;
		};
		EAED185F1834071D00AD66F5 /* Build configuration list for PBXNativeTarget "XctoolHangExampleTests" */ = {
			isa = XCConfigurationList;
			buildConfigurations = (
				EAED18601834071D00AD66F5 /* Debug */,
				EAED18611834071D00AD66F5 /* Release */,
			);
			defaultConfigurationIsVisible = 0;
			defaultConfigurationName = Release;
		};
/* End XCConfigurationList section */
	};
	rootObject = EAED18281834071D00AD66F5 /* Project object */;
}
